
Microsoft Visual Studio Solution File, Format Version 12.00
# Visual Studio Version 17
VisualStudioVersion = 17.4.33213.308
MinimumVisualStudioVersion = 10.0.40219.1
Project("{2150E333-8FDC-42A3-9474-1A3956D46DE8}") = "src", "src", "{32203274-4575-4008-84BF-63682A68AD8C}"
EndProject
Project("{2150E333-8FDC-42A3-9474-1A3956D46DE8}") = "tests", "tests", "{67884A00-EDC6-4F06-9CEF-9643D7EE8F45}"
EndProject
Project("{2150E333-8FDC-42A3-9474-1A3956D46DE8}") = "UI", "UI", "{AE006386-987C-4C0F-9B80-01AE92DB658E}"
EndProject
Project("{2150E333-8FDC-42A3-9474-1A3956D46DE8}") = "API", "API", "{3870D532-7D3B-43EF-9C4F-C720540E80A0}"
EndProject
Project("{2150E333-8FDC-42A3-9474-1A3956D46DE8}") = "Core", "Core", "{1BE9AE12-EF2F-484A-80DD-A4D3D25075DA}"
EndProject
Project("{2150E333-8FDC-42A3-9474-1A3956D46DE8}") = "Infrastructure", "Infrastructure", "{7B18A7AE-AAA6-495D-B5EF-0F5DD40963BD}"
EndProject
Project("{9A19103F-16F7-4668-BE54-9A1E7A4F7556}") = "LeavePro.CleanArch.Application.UnitTests", "tests\LeavePro.CleanArch.Application.UnitTests\LeavePro.CleanArch.Application.UnitTests.csproj", "{36C1BEBD-CC3A-41C5-B6AA-4AED04A1007C}"
EndProject
Project("{9A19103F-16F7-4668-BE54-9A1E7A4F7556}") = "LeavePro.CleanArch.Application", "src\Core\LeavePro.CleanArch.Application\LeavePro.CleanArch.Application.csproj", "{6FCA39AE-830F-4C3C-B8B7-1E077BB6908D}"
EndProject
Project("{9A19103F-16F7-4668-BE54-9A1E7A4F7556}") = "LeavePro.CleanArch.Domain", "src\Core\LeavePro.CleanArch.Domain\LeavePro.CleanArch.Domain.csproj", "{7C6E0BD2-A5DE-4A5A-A74C-1937CB09439E}"
EndProject
Project("{9A19103F-16F7-4668-BE54-9A1E7A4F7556}") = "LeavePro.CleanArch.Persistence", "src\Infrastructure\LeavePro.CleanArch.Persistence\LeavePro.CleanArch.Persistence.csproj", "{7B0C4246-AD82-41FD-89AB-E42211A64923}"
EndProject
Project("{9A19103F-16F7-4668-BE54-9A1E7A4F7556}") = "LeavePro.CleanArch.Infrastructure", "src\Infrastructure\LeavePro.CleanArch.Infrastructure\LeavePro.CleanArch.Infrastructure.csproj", "{2F13122A-8A15-4AAB-9CFE-732C1A2610DF}"
EndProject
Project("{9A19103F-16F7-4668-BE54-9A1E7A4F7556}") = "LeavePro.CleanArch.API", "src\API\LeavePro.CleanArch.API\LeavePro.CleanArch.API.csproj", "{DCAC2FFF-C376-4954-9863-D62C6F6588D9}"
EndProject
Project("{9A19103F-16F7-4668-BE54-9A1E7A4F7556}") = "LeavePro.CleanArch.IntegrationTests", "tests\LeavePro.CleanArch.IntegrationTests\LeavePro.CleanArch.IntegrationTests.csproj", "{BDDD18B9-3EAC-445B-A321-66EC9A697E49}"
EndProject
Project("{9A19103F-16F7-4668-BE54-9A1E7A4F7556}") = "LeavePro.CleanArch.BlazorUI", "src\UI\LeavePro.CleanArch.BlazorUI\LeavePro.CleanArch.BlazorUI.csproj", "{05489812-8D00-4C94-8039-BAD4BD98D22A}"
EndProject
Project("{FAE04EC0-301F-11D3-BF4B-00C04F79EFBC}") = "LeavePro.CleanArch.Identity", "src\Infrastructure\LeavePro.CleanArch.Identity\LeavePro.CleanArch.Identity.csproj", "{DE6541B8-E803-4CE9-AC67-39135F3F5E07}"
EndProject
Global
	GlobalSection(SolutionConfigurationPlatforms) = preSolution
		Debug|Any CPU = Debug|Any CPU
		Release|Any CPU = Release|Any CPU
	EndGlobalSection
	GlobalSection(ProjectConfigurationPlatforms) = postSolution
		{36C1BEBD-CC3A-41C5-B6AA-4AED04A1007C}.Debug|Any CPU.ActiveCfg = Debug|Any CPU
		{36C1BEBD-CC3A-41C5-B6AA-4AED04A1007C}.Debug|Any CPU.Build.0 = Debug|Any CPU
		{36C1BEBD-CC3A-41C5-B6AA-4AED04A1007C}.Release|Any CPU.ActiveCfg = Release|Any CPU
		{36C1BEBD-CC3A-41C5-B6AA-4AED04A1007C}.Release|Any CPU.Build.0 = Release|Any CPU
		{6FCA39AE-830F-4C3C-B8B7-1E077BB6908D}.Debug|Any CPU.ActiveCfg = Debug|Any CPU
		{6FCA39AE-830F-4C3C-B8B7-1E077BB6908D}.Debug|Any CPU.Build.0 = Debug|Any CPU
		{6FCA39AE-830F-4C3C-B8B7-1E077BB6908D}.Release|Any CPU.ActiveCfg = Release|Any CPU
		{6FCA39AE-830F-4C3C-B8B7-1E077BB6908D}.Release|Any CPU.Build.0 = Release|Any CPU
		{7C6E0BD2-A5DE-4A5A-A74C-1937CB09439E}.Debug|Any CPU.ActiveCfg = Debug|Any CPU
		{7C6E0BD2-A5DE-4A5A-A74C-1937CB09439E}.Debug|Any CPU.Build.0 = Debug|Any CPU
		{7C6E0BD2-A5DE-4A5A-A74C-1937CB09439E}.Release|Any CPU.ActiveCfg = Release|Any CPU
		{7C6E0BD2-A5DE-4A5A-A74C-1937CB09439E}.Release|Any CPU.Build.0 = Release|Any CPU
		{7B0C4246-AD82-41FD-89AB-E42211A64923}.Debug|Any CPU.ActiveCfg = Debug|Any CPU
		{7B0C4246-AD82-41FD-89AB-E42211A64923}.Debug|Any CPU.Build.0 = Debug|Any CPU
		{7B0C4246-AD82-41FD-89AB-E42211A64923}.Release|Any CPU.ActiveCfg = Release|Any CPU
		{7B0C4246-AD82-41FD-89AB-E42211A64923}.Release|Any CPU.Build.0 = Release|Any CPU
		{2F13122A-8A15-4AAB-9CFE-732C1A2610DF}.Debug|Any CPU.ActiveCfg = Debug|Any CPU
		{2F13122A-8A15-4AAB-9CFE-732C1A2610DF}.Debug|Any CPU.Build.0 = Debug|Any CPU
		{2F13122A-8A15-4AAB-9CFE-732C1A2610DF}.Release|Any CPU.ActiveCfg = Release|Any CPU
		{2F13122A-8A15-4AAB-9CFE-732C1A2610DF}.Release|Any CPU.Build.0 = Release|Any CPU
		{DCAC2FFF-C376-4954-9863-D62C6F6588D9}.Debug|Any CPU.ActiveCfg = Debug|Any CPU
		{DCAC2FFF-C376-4954-9863-D62C6F6588D9}.Debug|Any CPU.Build.0 = Debug|Any CPU
		{DCAC2FFF-C376-4954-9863-D62C6F6588D9}.Release|Any CPU.ActiveCfg = Release|Any CPU
		{DCAC2FFF-C376-4954-9863-D62C6F6588D9}.Release|Any CPU.Build.0 = Release|Any CPU
		{BDDD18B9-3EAC-445B-A321-66EC9A697E49}.Debug|Any CPU.ActiveCfg = Debug|Any CPU
		{BDDD18B9-3EAC-445B-A321-66EC9A697E49}.Debug|Any CPU.Build.0 = Debug|Any CPU
		{BDDD18B9-3EAC-445B-A321-66EC9A697E49}.Release|Any CPU.ActiveCfg = Release|Any CPU
		{BDDD18B9-3EAC-445B-A321-66EC9A697E49}.Release|Any CPU.Build.0 = Release|Any CPU
		{05489812-8D00-4C94-8039-BAD4BD98D22A}.Debug|Any CPU.ActiveCfg = Debug|Any CPU
		{05489812-8D00-4C94-8039-BAD4BD98D22A}.Debug|Any CPU.Build.0 = Debug|Any CPU
		{05489812-8D00-4C94-8039-BAD4BD98D22A}.Release|Any CPU.ActiveCfg = Release|Any CPU
		{05489812-8D00-4C94-8039-BAD4BD98D22A}.Release|Any CPU.Build.0 = Release|Any CPU
		{DE6541B8-E803-4CE9-AC67-39135F3F5E07}.Debug|Any CPU.ActiveCfg = Debug|Any CPU
		{DE6541B8-E803-4CE9-AC67-39135F3F5E07}.Debug|Any CPU.Build.0 = Debug|Any CPU
		{DE6541B8-E803-4CE9-AC67-39135F3F5E07}.Release|Any CPU.ActiveCfg = Release|Any CPU
		{DE6541B8-E803-4CE9-AC67-39135F3F5E07}.Release|Any CPU.Build.0 = Release|Any CPU
	EndGlobalSection
	GlobalSection(SolutionProperties) = preSolution
		HideSolutionNode = FALSE
	EndGlobalSection
	GlobalSection(NestedProjects) = preSolution
		{AE006386-987C-4C0F-9B80-01AE92DB658E} = {32203274-4575-4008-84BF-63682A68AD8C}
		{3870D532-7D3B-43EF-9C4F-C720540E80A0} = {32203274-4575-4008-84BF-63682A68AD8C}
		{1BE9AE12-EF2F-484A-80DD-A4D3D25075DA} = {32203274-4575-4008-84BF-63682A68AD8C}
		{7B18A7AE-AAA6-495D-B5EF-0F5DD40963BD} = {32203274-4575-4008-84BF-63682A68AD8C}
		{36C1BEBD-CC3A-41C5-B6AA-4AED04A1007C} = {67884A00-EDC6-4F06-9CEF-9643D7EE8F45}
		{6FCA39AE-830F-4C3C-B8B7-1E077BB6908D} = {1BE9AE12-EF2F-484A-80DD-A4D3D25075DA}
		{7C6E0BD2-A5DE-4A5A-A74C-1937CB09439E} = {1BE9AE12-EF2F-484A-80DD-A4D3D25075DA}
		{7B0C4246-AD82-41FD-89AB-E42211A64923} = {7B18A7AE-AAA6-495D-B5EF-0F5DD40963BD}
		{2F13122A-8A15-4AAB-9CFE-732C1A2610DF} = {7B18A7AE-AAA6-495D-B5EF-0F5DD40963BD}
		{DCAC2FFF-C376-4954-9863-D62C6F6588D9} = {3870D532-7D3B-43EF-9C4F-C720540E80A0}
		{BDDD18B9-3EAC-445B-A321-66EC9A697E49} = {67884A00-EDC6-4F06-9CEF-9643D7EE8F45}
		{05489812-8D00-4C94-8039-BAD4BD98D22A} = {AE006386-987C-4C0F-9B80-01AE92DB658E}
		{DE6541B8-E803-4CE9-AC67-39135F3F5E07} = {7B18A7AE-AAA6-495D-B5EF-0F5DD40963BD}
	EndGlobalSection
	GlobalSection(ExtensibilityGlobals) = postSolution
		SolutionGuid = {C823B433-C78C-48FC-BF82-2A2A1150D32D}
	EndGlobalSection
EndGlobal
